// !$*UTF8*$!
{
	archiveVersion = 1;
	classes = {
	};
	objectVersion = 46;
	objects = {

/* Begin PBXBuildFile section */
		BF05FBDB1BEAFE9900DA089B /* AppDelegate.swift in Sources */ = {isa = PBXBuildFile; fileRef = BF05FBDA1BEAFE9900DA089B /* AppDelegate.swift */; };
		BF05FBDD1BEAFE9900DA089B /* ViewController.swift in Sources */ = {isa = PBXBuildFile; fileRef = BF05FBDC1BEAFE9900DA089B /* ViewController.swift */; };
		BF05FBE01BEAFE9900DA089B /* Main.storyboard in Resources */ = {isa = PBXBuildFile; fileRef = BF05FBDE1BEAFE9900DA089B /* Main.storyboard */; };
		BF05FBE21BEAFE9900DA089B /* Assets.xcassets in Resources */ = {isa = PBXBuildFile; fileRef = BF05FBE11BEAFE9900DA089B /* Assets.xcassets */; };
		BF05FBE51BEAFE9900DA089B /* LaunchScreen.storyboard in Resources */ = {isa = PBXBuildFile; fileRef = BF05FBE31BEAFE9900DA089B /* LaunchScreen.storyboard */; };
		BF05FBF01BEAFE9900DA089B /* iPadDemoTests.swift in Sources */ = {isa = PBXBuildFile; fileRef = BF05FBEF1BEAFE9900DA089B /* iPadDemoTests.swift */; };
		BF05FBFB1BEAFE9900DA089B /* iPadDemoUITests.swift in Sources */ = {isa = PBXBuildFile; fileRef = BF05FBFA1BEAFE9900DA089B /* iPadDemoUITests.swift */; };
/* End PBXBuildFile section */

/* Begin PBXContainerItemProxy section */
		BF05FBEC1BEAFE9900DA089B /* PBXContainerItemProxy */ = {
			isa = PBXContainerItemProxy;
			containerPortal = BF05FBCF1BEAFE9900DA089B /* Project object */;
			proxyType = 1;
			remoteGlobalIDString = BF05FBD61BEAFE9900DA089B;
			remoteInfo = iPadDemo;
		};
		BF05FBF71BEAFE9900DA089B /* PBXContainerItemProxy */ = {
			isa = PBXContainerItemProxy;
			containerPortal = BF05FBCF1BEAFE9900DA089B /* Project object */;
			proxyType = 1;
			remoteGlobalIDString = BF05FBD61BEAFE9900DA089B;
			remoteInfo = iPadDemo;
		};
/* End PBXContainerItemProxy section */

/* Begin PBXFileReference section */
		BF05FBD71BEAFE9900DA089B /* iPadDemo.app */ = {isa = PBXFileReference; explicitFileType = wrapper.application; includeInIndex = 0; path = iPadDemo.app; sourceTree = BUILT_PRODUCTS_DIR; };
		BF05FBDA1BEAFE9900DA089B /* AppDelegate.swift */ = {isa = PBXFileReference; lastKnownFileType = sourcecode.swift; path = AppDelegate.swift; sourceTree = "<group>"; };
		BF05FBDC1BEAFE9900DA089B /* ViewController.swift */ = {isa = PBXFileReference; lastKnownFileType = sourcecode.swift; path = ViewController.swift; sourceTree = "<group>"; };
		BF05FBDF1BEAFE9900DA089B /* Base */ = {isa = PBXFileReference; lastKnownFileType = file.storyboard; name = Base; path = Base.lproj/Main.storyboard; sourceTree = "<group>"; };
		BF05FBE11BEAFE9900DA089B /* Assets.xcassets */ = {isa = PBXFileReference; lastKnownFileType = folder.assetcatalog; path = Assets.xcassets; sourceTree = "<group>"; };
		BF05FBE41BEAFE9900DA089B /* Base */ = {isa = PBXFileReference; lastKnownFileType = file.storyboard; name = Base; path = Base.lproj/LaunchScreen.storyboard; sourceTree = "<group>"; };
		BF05FBE61BEAFE9900DA089B /* Info.plist */ = {isa = PBXFileReference; lastKnownFileType = text.plist.xml; path = Info.plist; sourceTree = "<group>"; };
		BF05FBEB1BEAFE9900DA089B /* iPadDemoTests.xctest */ = {isa = PBXFileReference; explicitFileType = wrapper.cfbundle; includeInIndex = 0; path = iPadDemoTests.xctest; sourceTree = BUILT_PRODUCTS_DIR; };
		BF05FBEF1BEAFE9900DA089B /* iPadDemoTests.swift */ = {isa = PBXFileReference; lastKnownFileType = sourcecode.swift; path = iPadDemoTests.swift; sourceTree = "<group>"; };
		BF05FBF11BEAFE9900DA089B /* Info.plist */ = {isa = PBXFileReference; lastKnownFileType = text.plist.xml; path = Info.plist; sourceTree = "<group>"; };
		BF05FBF61BEAFE9900DA089B /* iPadDemoUITests.xctest */ = {isa = PBXFileReference; explicitFileType = wrapper.cfbundle; includeInIndex = 0; path = iPadDemoUITests.xctest; sourceTree = BUILT_PRODUCTS_DIR; };
		BF05FBFA1BEAFE9900DA089B /* iPadDemoUITests.swift */ = {isa = PBXFileReference; lastKnownFileType = sourcecode.swift; path = iPadDemoUITests.swift; sourceTree = "<group>"; };
		BF05FBFC1BEAFE9900DA089B /* Info.plist */ = {isa = PBXFileReference; lastKnownFileType = text.plist.xml; path = Info.plist; sourceTree = "<group>"; };
/* End PBXFileReference section */

/* Begin PBXFrameworksBuildPhase section */
		BF05FBD41BEAFE9900DA089B /* Frameworks */ = {
			isa = PBXFrameworksBuildPhase;
			buildActionMask = 2147483647;
			files = (
			);
			runOnlyForDeploymentPostprocessing = 0;
		};
		BF05FBE81BEAFE9900DA089B /* Frameworks */ = {
			isa = PBXFrameworksBuildPhase;
			buildActionMask = 2147483647;
			files = (
			);
			runOnlyForDeploymentPostprocessing = 0;
		};
		BF05FBF31BEAFE9900DA089B /* Frameworks */ = {
			isa = PBXFrameworksBuildPhase;
			buildActionMask = 2147483647;
			files = (
			);
			runOnlyForDeploymentPostprocessing = 0;
		};
/* End PBXFrameworksBuildPhase section */

/* Begin PBXGroup section */
		BF05FBCE1BEAFE9900DA089B = {
			isa = PBXGroup;
			children = (
				BF05FBD91BEAFE9900DA089B /* iPadDemo */,
				BF05FBEE1BEAFE9900DA089B /* iPadDemoTests */,
				BF05FBF91BEAFE9900DA089B /* iPadDemoUITests */,
				BF05FBD81BEAFE9900DA089B /* Products */,
			);
			sourceTree = "<group>";
		};
		BF05FBD81BEAFE9900DA089B /* Products */ = {
			isa = PBXGroup;
			children = (
				BF05FBD71BEAFE9900DA089B /* iPadDemo.app */,
				BF05FBEB1BEAFE9900DA089B /* iPadDemoTests.xctest */,
				BF05FBF61BEAFE9900DA089B /* iPadDemoUITests.xctest */,
			);
			name = Products;
			sourceTree = "<group>";
		};
		BF05FBD91BEAFE9900DA089B /* iPadDemo */ = {
			isa = PBXGroup;
			children = (
				BF05FBDA1BEAFE9900DA089B /* AppDelegate.swift */,
				BF05FBDC1BEAFE9900DA089B /* ViewController.swift */,
				BF05FBDE1BEAFE9900DA089B /* Main.storyboard */,
				BF05FBE11BEAFE9900DA089B /* Assets.xcassets */,
				BF05FBE31BEAFE9900DA089B /* LaunchScreen.storyboard */,
				BF05FBE61BEAFE9900DA089B /* Info.plist */,
			);
			path = iPadDemo;
			sourceTree = "<group>";
		};
		BF05FBEE1BEAFE9900DA089B /* iPadDemoTests */ = {
			isa = PBXGroup;
			children = (
				BF05FBEF1BEAFE9900DA089B /* iPadDemoTests.swift */,
				BF05FBF11BEAFE9900DA089B /* Info.plist */,
			);
			path = iPadDemoTests;
			sourceTree = "<group>";
		};
		BF05FBF91BEAFE9900DA089B /* iPadDemoUITests */ = {
			isa = PBXGroup;
			children = (
				BF05FBFA1BEAFE9900DA089B /* iPadDemoUITests.swift */,
				BF05FBFC1BEAFE9900DA089B /* Info.plist */,
			);
			path = iPadDemoUITests;
			sourceTree = "<group>";
		};
/* End PBXGroup section */

/* Begin PBXNativeTarget section */
		BF05FBD61BEAFE9900DA089B /* iPadDemo */ = {
			isa = PBXNativeTarget;
			buildConfigurationList = BF05FBFF1BEAFE9900DA089B /* Build configuration list for PBXNativeTarget "iPadDemo" */;
			buildPhases = (
				BF05FBD31BEAFE9900DA089B /* Sources */,
				BF05FBD41BEAFE9900DA089B /* Frameworks */,
				BF05FBD51BEAFE9900DA089B /* Resources */,
			);
			buildRules = (
			);
			dependencies = (
			);
			name = iPadDemo;
			productName = iPadDemo;
			productReference = BF05FBD71BEAFE9900DA089B /* iPadDemo.app */;
			productType = "com.apple.product-type.application";
		};
		BF05FBEA1BEAFE9900DA089B /* iPadDemoTests */ = {
			isa = PBXNativeTarget;
			buildConfigurationList = BF05FC021BEAFE9900DA089B /* Build configuration list for PBXNativeTarget "iPadDemoTests" */;
			buildPhases = (
				BF05FBE71BEAFE9900DA089B /* Sources */,
				BF05FBE81BEAFE9900DA089B /* Frameworks */,
				BF05FBE91BEAFE9900DA089B /* Resources */,
			);
			buildRules = (
			);
			dependencies = (
				BF05FBED1BEAFE9900DA089B /* PBXTargetDependency */,
			);
			name = iPadDemoTests;
			productName = iPadDemoTests;
			productReference = BF05FBEB1BEAFE9900DA089B /* iPadDemoTests.xctest */;
			productType = "com.apple.product-type.bundle.unit-test";
		};
		BF05FBF51BEAFE9900DA089B /* iPadDemoUITests */ = {
			isa = PBXNativeTarget;
			buildConfigurationList = BF05FC051BEAFE9900DA089B /* Build configuration list for PBXNativeTarget "iPadDemoUITests" */;
			buildPhases = (
				BF05FBF21BEAFE9900DA089B /* Sources */,
				BF05FBF31BEAFE9900DA089B /* Frameworks */,
				BF05FBF41BEAFE9900DA089B /* Resources */,
			);
			buildRules = (
			);
			dependencies = (
				BF05FBF81BEAFE9900DA089B /* PBXTargetDependency */,
			);
			name = iPadDemoUITests;
			productName = iPadDemoUITests;
			productReference = BF05FBF61BEAFE9900DA089B /* iPadDemoUITests.xctest */;
			productType = "com.apple.product-type.bundle.ui-testing";
		};
/* End PBXNativeTarget section */

/* Begin PBXProject section */
		BF05FBCF1BEAFE9900DA089B /* Project object */ = {
			isa = PBXProject;
			attributes = {
				LastUpgradeCheck = 0700;
				ORGANIZATIONNAME = "Connor Reid";
				TargetAttributes = {
					BF05FBD61BEAFE9900DA089B = {
						CreatedOnToolsVersion = 7.0.1;
						DevelopmentTeam = HTSF3MHP5C;
					};
					BF05FBEA1BEAFE9900DA089B = {
						CreatedOnToolsVersion = 7.0.1;
						DevelopmentTeam = HTSF3MHP5C;
						TestTargetID = BF05FBD61BEAFE9900DA089B;
					};
					BF05FBF51BEAFE9900DA089B = {
						CreatedOnToolsVersion = 7.0.1;
						DevelopmentTeam = HTSF3MHP5C;
						TestTargetID = BF05FBD61BEAFE9900DA089B;
					};
				};
			};
			buildConfigurationList = BF05FBD21BEAFE9900DA089B /* Build configuration list for PBXProject "iPadDemo" */;
			compatibilityVersion = "Xcode 3.2";
			developmentRegion = English;
			hasScannedForEncodings = 0;
			knownRegions = (
				en,
				Base,
			);
			mainGroup = BF05FBCE1BEAFE9900DA089B;
			productRefGroup = BF05FBD81BEAFE9900DA089B /* Products */;
			projectDirPath = "";
			projectRoot = "";
			targets = (
				BF05FBD61BEAFE9900DA089B /* iPadDemo */,
				BF05FBEA1BEAFE9900DA089B /* iPadDemoTests */,
				BF05FBF51BEAFE9900DA089B /* iPadDemoUITests */,
			);
		};
/* End PBXProject section */

/* Begin PBXResourcesBuildPhase section */
		BF05FBD51BEAFE9900DA089B /* Resources */ = {
			isa = PBXResourcesBuildPhase;
			buildActionMask = 2147483647;
			files = (
				BF05FBE51BEAFE9900DA089B /* LaunchScreen.storyboard in Resources */,
				BF05FBE21BEAFE9900DA089B /* Assets.xcassets in Resources */,
				BF05FBE01BEAFE9900DA089B /* Main.storyboard in Resources */,
			);
			runOnlyForDeploymentPostprocessing = 0;
		};
		BF05FBE91BEAFE9900DA089B /* Resources */ = {
			isa = PBXResourcesBuildPhase;
			buildActionMask = 2147483647;
			files = (
			);
			runOnlyForDeploymentPostprocessing = 0;
		};
		BF05FBF41BEAFE9900DA089B /* Resources */ = {
			isa = PBXResourcesBuildPhase;
			buildActionMask = 2147483647;
			files = (
			);
			runOnlyForDeploymentPostprocessing = 0;
		};
/* End PBXResourcesBuildPhase section */

/* Begin PBXSourcesBuildPhase section */
		BF05FBD31BEAFE9900DA089B /* Sources */ = {
			isa = PBXSourcesBuildPhase;
			buildActionMask = 2147483647;
			files = (
				BF05FBDD1BEAFE9900DA089B /* ViewController.swift in Sources */,
				BF05FBDB1BEAFE9900DA089B /* AppDelegate.swift in Sources */,
			);
			runOnlyForDeploymentPostprocessing = 0;
		};
		BF05FBE71BEAFE9900DA089B /* Sources */ = {
			isa = PBXSourcesBuildPhase;
			buildActionMask = 2147483647;
			files = (
				BF05FBF01BEAFE9900DA089B /* iPadDemoTests.swift in Sources */,
			);
			runOnlyForDeploymentPostprocessing = 0;
		};
		BF05FBF21BEAFE9900DA089B /* Sources */ = {
			isa = PBXSourcesBuildPhase;
			buildActionMask = 2147483647;
			files = (
				BF05FBFB1BEAFE9900DA089B /* iPadDemoUITests.swift in Sources */,
			);
			runOnlyForDeploymentPostprocessing = 0;
		};
/* End PBXSourcesBuildPhase section */

/* Begin PBXTargetDependency section */
		BF05FBED1BEAFE9900DA089B /* PBXTargetDependency */ = {
			isa = PBXTargetDependency;
			target = BF05FBD61BEAFE9900DA089B /* iPadDemo */;
			targetProxy = BF05FBEC1BEAFE9900DA089B /* PBXContainerItemProxy */;
		};
		BF05FBF81BEAFE9900DA089B /* PBXTargetDependency */ = {
			isa = PBXTargetDependency;
			target = BF05FBD61BEAFE9900DA089B /* iPadDemo */;
			targetProxy = BF05FBF71BEAFE9900DA089B /* PBXContainerItemProxy */;
		};
/* End PBXTargetDependency section */

/* Begin PBXVariantGroup section */
		BF05FBDE1BEAFE9900DA089B /* Main.storyboard */ = {
			isa = PBXVariantGroup;
			children = (
				BF05FBDF1BEAFE9900DA089B /* Base */,
			);
			name = Main.storyboard;
			sourceTree = "<group>";
		};
		BF05FBE31BEAFE9900DA089B /* LaunchScreen.storyboard */ = {
			isa = PBXVariantGroup;
			children = (
				BF05FBE41BEAFE9900DA089B /* Base */,
			);
			name = LaunchScreen.storyboard;
			sourceTree = "<group>";
		};
/* End PBXVariantGroup section */

/* Begin XCBuildConfiguration section */
		BF05FBFD1BEAFE9900DA089B /* Debug */ = {
			isa = XCBuildConfiguration;
			buildSettings = {
				ALWAYS_SEARCH_USER_PATHS = NO;
				CLANG_CXX_LANGUAGE_STANDARD = "gnu++0x";
				CLANG_CXX_LIBRARY = "libc++";
				CLANG_ENABLE_MODULES = YES;
				CLANG_ENABLE_OBJC_ARC = YES;
				CLANG_WARN_BOOL_CONVERSION = YES;
				CLANG_WARN_CONSTANT_CONVERSION = YES;
				CLANG_WARN_DIRECT_OBJC_ISA_USAGE = YES_ERROR;
				CLANG_WARN_EMPTY_BODY = YES;
				CLANG_WARN_ENUM_CONVERSION = YES;
				CLANG_WARN_INT_CONVERSION = YES;
				CLANG_WARN_OBJC_ROOT_CLASS = YES_ERROR;
				CLANG_WARN_UNREACHABLE_CODE = YES;
				CLANG_WARN__DUPLICATE_METHOD_MATCH = YES;
				"CODE_SIGN_IDENTITY[sdk=iphoneos*]" = "iPhone Developer";
				COPY_PHASE_STRIP = NO;
				DEBUG_INFORMATION_FORMAT = dwarf;
				ENABLE_STRICT_OBJC_MSGSEND = YES;
				ENABLE_TESTABILITY = YES;
				GCC_C_LANGUAGE_STANDARD = gnu99;
				GCC_DYNAMIC_NO_PIC = NO;
				GCC_NO_COMMON_BLOCKS = YES;
				GCC_OPTIMIZATION_LEVEL = 0;
				GCC_PREPROCESSOR_DEFINITIONS = (
					"DEBUG=1",
					"$(inherited)",
				);
				GCC_WARN_64_TO_32_BIT_CONVERSION = YES;
				GCC_WARN_ABOUT_RETURN_TYPE = YES_ERROR;
				GCC_WARN_UNDECLARED_SELECTOR = YES;
				GCC_WARN_UNINITIALIZED_AUTOS = YES_AGGRESSIVE;
				GCC_WARN_UNUSED_FUNCTION = YES;
				GCC_WARN_UNUSED_VARIABLE = YES;
				IPHONEOS_DEPLOYMENT_TARGET = 9.0;
				MTL_ENABLE_DEBUG_INFO = YES;
				ONLY_ACTIVE_ARCH = YES;
				SDKROOT = iphoneos;
				SWIFT_OPTIMIZATION_LEVEL = "-Onone";
				TARGETED_DEVICE_FAMILY = 2;
			};
			name = Debug;
		};
		BF05FBFE1BEAFE9900DA089B /* Release */ = {
			isa = XCBuildConfiguration;
			buildSettings = {
				ALWAYS_SEARCH_USER_PATHS = NO;
				CLANG_CXX_LANGUAGE_STANDARD = "gnu++0x";
				CLANG_CXX_LIBRARY = "libc++";
				CLANG_ENABLE_MODULES = YES;
				CLANG_ENABLE_OBJC_ARC = YES;
				CLANG_WARN_BOOL_CONVERSION = YES;
				CLANG_WARN_CONSTANT_CONVERSION = YES;
				CLANG_WARN_DIRECT_OBJC_ISA_USAGE = YES_ERROR;
				CLANG_WARN_EMPTY_BODY = YES;
				CLANG_WARN_ENUM_CONVERSION = YES;
				CLANG_WARN_INT_CONVERSION = YES;
				CLANG_WARN_OBJC_ROOT_CLASS = YES_ERROR;
				CLANG_WARN_UNREACHABLE_CODE = YES;
				CLANG_WARN__DUPLICATE_METHOD_MATCH = YES;
				"CODE_SIGN_IDENTITY[sdk=iphoneos*]" = "iPhone Developer";
				COPY_PHASE_STRIP = NO;
				DEBUG_INFORMATION_FORMAT = "dwarf-with-dsym";
				ENABLE_NS_ASSERTIONS = NO;
				ENABLE_STRICT_OBJC_MSGSEND = YES;
				GCC_C_LANGUAGE_STANDARD = gnu99;
				GCC_NO_COMMON_BLOCKS = YES;
				GCC_WARN_64_TO_32_BIT_CONVERSION = YES;
				GCC_WARN_ABOUT_RETURN_TYPE = YES_ERROR;
				GCC_WARN_UNDECLARED_SELECTOR = YES;
				GCC_WARN_UNINITIALIZED_AUTOS = YES_AGGRESSIVE;
				GCC_WARN_UNUSED_FUNCTION = YES;
				GCC_WARN_UNUSED_VARIABLE = YES;
				IPHONEOS_DEPLOYMENT_TARGET = 9.0;
				MTL_ENABLE_DEBUG_INFO = NO;
				SDKROOT = iphoneos;
				TARGETED_DEVICE_FAMILY = 2;
				VALIDATE_PRODUCT = YES;
			};
			name = Release;
		};
		BF05FC001BEAFE9900DA089B /* Debug */ = {
			isa = XCBuildConfiguration;
			buildSettings = {
				ASSETCATALOG_COMPILER_APPICON_NAME = AppIcon;
				INFOPLIST_FILE = iPadDemo/Info.plist;
				LD_RUNPATH_SEARCH_PATHS = "$(inherited) @executable_path/Frameworks";
				PRODUCT_BUNDLE_IDENTIFIER = com.griffith.iPadDemo;
				PRODUCT_NAME = "$(TARGET_NAME)";
			};
			name = Debug;
		};
		BF05FC011BEAFE9900DA089B /* Release */ = {
			isa = XCBuildConfiguration;
			buildSettings = {
				ASSETCATALOG_COMPILER_APPICON_NAME = AppIcon;
				INFOPLIST_FILE = iPadDemo/Info.plist;
				LD_RUNPATH_SEARCH_PATHS = "$(inherited) @executable_path/Frameworks";
				PRODUCT_BUNDLE_IDENTIFIER = com.griffith.iPadDemo;
				PRODUCT_NAME = "$(TARGET_NAME)";
			};
			name = Release;
		};
		BF05FC031BEAFE9900DA089B /* Debug */ = {
			isa = XCBuildConfiguration;
			buildSettings = {
				BUNDLE_LOADER = "$(TEST_HOST)";
				INFOPLIST_FILE = iPadDemoTests/Info.plist;
				LD_RUNPATH_SEARCH_PATHS = "$(inherited) @executable_path/Frameworks @loader_path/Frameworks";
				PRODUCT_BUNDLE_IDENTIFIER = com.griffith.iPadDemoTests;
				PRODUCT_NAME = "$(TARGET_NAME)";
				TEST_HOST = "$(BUILT_PRODUCTS_DIR)/iPadDemo.app/iPadDemo";
			};
			name = Debug;
		};
		BF05FC041BEAFE9900DA089B /* Release */ = {
			isa = XCBuildConfiguration;
			buildSettings = {
				BUNDLE_LOADER = "$(TEST_HOST)";
				INFOPLIST_FILE = iPadDemoTests/Info.plist;
				LD_RUNPATH_SEARCH_PATHS = "$(inherited) @executable_path/Frameworks @loader_path/Frameworks";
				PRODUCT_BUNDLE_IDENTIFIER = com.griffith.iPadDemoTests;
				PRODUCT_NAME = "$(TARGET_NAME)";
				TEST_HOST = "$(BUILT_PRODUCTS_DIR)/iPadDemo.app/iPadDemo";
			};
			name = Release;
		};
		BF05FC061BEAFE9900DA089B /* Debug */ = {
			isa = XCBuildConfiguration;
			buildSettings = {
				INFOPLIST_FILE = iPadDemoUITests/Info.plist;
				LD_RUNPATH_SEARCH_PATHS = "$(inherited) @executable_path/Frameworks @loader_path/Frameworks";
				PRODUCT_BUNDLE_IDENTIFIER = com.griffith.iPadDemoUITests;
				PRODUCT_NAME = "$(TARGET_NAME)";
				TEST_TARGET_NAME = iPadDemo;
				USES_XCTRUNNER = YES;
			};
			name = Debug;
		};
		BF05FC071BEAFE9900DA089B /* Release */ = {
			isa = XCBuildConfiguration;
			buildSettings = {
				INFOPLIST_FILE = iPadDemoUITests/Info.plist;
				LD_RUNPATH_SEARCH_PATHS = "$(inherited) @executable_path/Frameworks @loader_path/Frameworks";
				PRODUCT_BUNDLE_IDENTIFIER = com.griffith.iPadDemoUITests;
				PRODUCT_NAME = "$(TARGET_NAME)";
				TEST_TARGET_NAME = iPadDemo;
				USES_XCTRUNNER = YES;
			};
			name = Release;
		};
/* End XCBuildConfiguration section */

/* Begin XCConfigurationList section */
		BF05FBD21BEAFE9900DA089B /* Build configuration list for PBXProject "iPadDemo" */ = {
			isa = XCConfigurationList;
			buildConfigurations = (
				BF05FBFD1BEAFE9900DA089B /* Debug */,
				BF05FBFE1BEAFE9900DA089B /* Release */,
			);
			defaultConfigurationIsVisible = 0;
			defaultConfigurationName = Release;
		};
		BF05FBFF1BEAFE9900DA089B /* Build configuration list for PBXNativeTarget "iPadDemo" */ = {
			isa = XCConfigurationList;
			buildConfigurations = (
				BF05FC001BEAFE9900DA089B /* Debug */,
				BF05FC011BEAFE9900DA089B /* Release */,
			);
			defaultConfigurationIsVisible = 0;
		};
		BF05FC021BEAFE9900DA089B /* Build configuration list for PBXNativeTarget "iPadDemoTests" */ = {
			isa = XCConfigurationList;
			buildConfigurations = (
				BF05FC031BEAFE9900DA089B /* Debug */,
				BF05FC041BEAFE9900DA089B /* Release */,
			);
			defaultConfigurationIsVisible = 0;
		};
		BF05FC051BEAFE9900DA089B /* Build configuration list for PBXNativeTarget "iPadDemoUITests" */ = {
			isa = XCConfigurationList;
			buildConfigurations = (
				BF05FC061BEAFE9900DA089B /* Debug */,
				BF05FC071BEAFE9900DA089B /* Release */,
			);
			defaultConfigurationIsVisible = 0;
		};
/* End XCConfigurationList section */
	};
	rootObject = BF05FBCF1BEAFE9900DA089B /* Project object */;
}
